// !$*UTF8*$!
{
	archiveVersion = 1;
	classes = {
	};
	objectVersion = 56;
	objects = {

/* Begin PBXBuildFile section */
		AE1FDDB42A0BEC020041ED79 /* AppDelegate.swift in Sources */ = {isa = PBXBuildFile; fileRef = AE1FDDB32A0BEC020041ED79 /* AppDelegate.swift */; };
		AE1FDDB62A0BEC020041ED79 /* SceneDelegate.swift in Sources */ = {isa = PBXBuildFile; fileRef = AE1FDDB52A0BEC020041ED79 /* SceneDelegate.swift */; };
		AE1FDDB82A0BEC020041ED79 /* ViewController.swift in Sources */ = {isa = PBXBuildFile; fileRef = AE1FDDB72A0BEC020041ED79 /* ViewController.swift */; };
		AE1FDDBD2A0BEC040041ED79 /* Assets.xcassets in Resources */ = {isa = PBXBuildFile; fileRef = AE1FDDBC2A0BEC040041ED79 /* Assets.xcassets */; };
		AE1FDDC02A0BEC040041ED79 /* LaunchScreen.storyboard in Resources */ = {isa = PBXBuildFile; fileRef = AE1FDDBE2A0BEC040041ED79 /* LaunchScreen.storyboard */; };
		AE1FDDCE2A0BEF350041ED79 /* RickyMortyViewController.swift in Sources */ = {isa = PBXBuildFile; fileRef = AE1FDDCD2A0BEF350041ED79 /* RickyMortyViewController.swift */; };
		AE1FDDD12A0BEF670041ED79 /* SnapKit in Frameworks */ = {isa = PBXBuildFile; productRef = AE1FDDD02A0BEF670041ED79 /* SnapKit */; };
		AE1FDDD42A0D343C0041ED79 /* RickyMortyService.swift in Sources */ = {isa = PBXBuildFile; fileRef = AE1FDDD32A0D343C0041ED79 /* RickyMortyService.swift */; };
		AE1FDDD62A0D34590041ED79 /* RickyMortyModel.swift in Sources */ = {isa = PBXBuildFile; fileRef = AE1FDDD52A0D34590041ED79 /* RickyMortyModel.swift */; };
		AE1FDDD92A0D77D80041ED79 /* Alamofire in Frameworks */ = {isa = PBXBuildFile; productRef = AE1FDDD82A0D77D80041ED79 /* Alamofire */; };
		AE1FDDDC2A0D77EF0041ED79 /* AlamofireImage in Frameworks */ = {isa = PBXBuildFile; productRef = AE1FDDDB2A0D77EF0041ED79 /* AlamofireImage */; };
		AE1FDDDE2A0DA72C0041ED79 /* RickyMortyViewModel.swift in Sources */ = {isa = PBXBuildFile; fileRef = AE1FDDDD2A0DA72C0041ED79 /* RickyMortyViewModel.swift */; };
		AE1FDDE12A1176340041ED79 /* TableViewCell.swift in Sources */ = {isa = PBXBuildFile; fileRef = AE1FDDE02A1176340041ED79 /* TableViewCell.swift */; };
/* End PBXBuildFile section */

/* Begin PBXFileReference section */
		AE1FDDB02A0BEC020041ED79 /* ProtocolOriented-TableView.app */ = {isa = PBXFileReference; explicitFileType = wrapper.application; includeInIndex = 0; path = "ProtocolOriented-TableView.app"; sourceTree = BUILT_PRODUCTS_DIR; };
		AE1FDDB32A0BEC020041ED79 /* AppDelegate.swift */ = {isa = PBXFileReference; lastKnownFileType = sourcecode.swift; path = AppDelegate.swift; sourceTree = "<group>"; };
		AE1FDDB52A0BEC020041ED79 /* SceneDelegate.swift */ = {isa = PBXFileReference; lastKnownFileType = sourcecode.swift; path = SceneDelegate.swift; sourceTree = "<group>"; };
		AE1FDDB72A0BEC020041ED79 /* ViewController.swift */ = {isa = PBXFileReference; lastKnownFileType = sourcecode.swift; path = ViewController.swift; sourceTree = "<group>"; };
		AE1FDDBC2A0BEC040041ED79 /* Assets.xcassets */ = {isa = PBXFileReference; lastKnownFileType = folder.assetcatalog; path = Assets.xcassets; sourceTree = "<group>"; };
		AE1FDDBF2A0BEC040041ED79 /* Base */ = {isa = PBXFileReference; lastKnownFileType = file.storyboard; name = Base; path = Base.lproj/LaunchScreen.storyboard; sourceTree = "<group>"; };
		AE1FDDC12A0BEC040041ED79 /* Info.plist */ = {isa = PBXFileReference; lastKnownFileType = text.plist.xml; path = Info.plist; sourceTree = "<group>"; };
		AE1FDDCD2A0BEF350041ED79 /* RickyMortyViewController.swift */ = {isa = PBXFileReference; lastKnownFileType = sourcecode.swift; path = RickyMortyViewController.swift; sourceTree = "<group>"; };
		AE1FDDD32A0D343C0041ED79 /* RickyMortyService.swift */ = {isa = PBXFileReference; lastKnownFileType = sourcecode.swift; path = RickyMortyService.swift; sourceTree = "<group>"; };
		AE1FDDD52A0D34590041ED79 /* RickyMortyModel.swift */ = {isa = PBXFileReference; lastKnownFileType = sourcecode.swift; path = RickyMortyModel.swift; sourceTree = "<group>"; };
		AE1FDDDD2A0DA72C0041ED79 /* RickyMortyViewModel.swift */ = {isa = PBXFileReference; lastKnownFileType = sourcecode.swift; path = RickyMortyViewModel.swift; sourceTree = "<group>"; };
		AE1FDDE02A1176340041ED79 /* TableViewCell.swift */ = {isa = PBXFileReference; lastKnownFileType = sourcecode.swift; path = TableViewCell.swift; sourceTree = "<group>"; };
/* End PBXFileReference section */

/* Begin PBXFrameworksBuildPhase section */
		AE1FDDAD2A0BEC020041ED79 /* Frameworks */ = {
			isa = PBXFrameworksBuildPhase;
			buildActionMask = 2147483647;
			files = (
				AE1FDDD12A0BEF670041ED79 /* SnapKit in Frameworks */,
				AE1FDDD92A0D77D80041ED79 /* Alamofire in Frameworks */,
				AE1FDDDC2A0D77EF0041ED79 /* AlamofireImage in Frameworks */,
			);
			runOnlyForDeploymentPostprocessing = 0;
		};
/* End PBXFrameworksBuildPhase section */

/* Begin PBXGroup section */
		AE1FDDA72A0BEC020041ED79 = {
			isa = PBXGroup;
			children = (
				AE1FDDB22A0BEC020041ED79 /* ProtocolOriented-TableView */,
				AE1FDDB12A0BEC020041ED79 /* Products */,
			);
			sourceTree = "<group>";
		};
		AE1FDDB12A0BEC020041ED79 /* Products */ = {
			isa = PBXGroup;
			children = (
				AE1FDDB02A0BEC020041ED79 /* ProtocolOriented-TableView.app */,
			);
			name = Products;
			sourceTree = "<group>";
		};
		AE1FDDB22A0BEC020041ED79 /* ProtocolOriented-TableView */ = {
			isa = PBXGroup;
			children = (
				AE1FDDD22A0BF1B60041ED79 /* Core */,
				AE1FDDC72A0BEEC00041ED79 /* Features */,
				AE1FDDC12A0BEC040041ED79 /* Info.plist */,
			);
			path = "ProtocolOriented-TableView";
			sourceTree = "<group>";
		};
		AE1FDDC72A0BEEC00041ED79 /* Features */ = {
			isa = PBXGroup;
			children = (
				AE1FDDC82A0BEECC0041ED79 /* RickyMorty */,
			);
			path = Features;
			sourceTree = "<group>";
		};
		AE1FDDC82A0BEECC0041ED79 /* RickyMorty */ = {
			isa = PBXGroup;
			children = (
				AE1FDDCC2A0BEF060041ED79 /* Service */,
				AE1FDDCB2A0BEEFB0041ED79 /* ViewModel */,
				AE1FDDCA2A0BEEF00041ED79 /* View */,
				AE1FDDC92A0BEED60041ED79 /* Model */,
			);
			path = RickyMorty;
			sourceTree = "<group>";
		};
		AE1FDDC92A0BEED60041ED79 /* Model */ = {
			isa = PBXGroup;
			children = (
				AE1FDDD52A0D34590041ED79 /* RickyMortyModel.swift */,
			);
			path = Model;
			sourceTree = "<group>";
		};
		AE1FDDCA2A0BEEF00041ED79 /* View */ = {
			isa = PBXGroup;
			children = (
				AE1FDDDF2A1176100041ED79 /* TableViewCell */,
				AE1FDDCD2A0BEF350041ED79 /* RickyMortyViewController.swift */,
			);
			path = View;
			sourceTree = "<group>";
		};
		AE1FDDCB2A0BEEFB0041ED79 /* ViewModel */ = {
			isa = PBXGroup;
			children = (
				AE1FDDDD2A0DA72C0041ED79 /* RickyMortyViewModel.swift */,
			);
			path = ViewModel;
			sourceTree = "<group>";
		};
		AE1FDDCC2A0BEF060041ED79 /* Service */ = {
			isa = PBXGroup;
			children = (
				AE1FDDD32A0D343C0041ED79 /* RickyMortyService.swift */,
			);
			path = Service;
			sourceTree = "<group>";
		};
		AE1FDDD22A0BF1B60041ED79 /* Core */ = {
			isa = PBXGroup;
			children = (
				AE1FDDB32A0BEC020041ED79 /* AppDelegate.swift */,
				AE1FDDB52A0BEC020041ED79 /* SceneDelegate.swift */,
				AE1FDDB72A0BEC020041ED79 /* ViewController.swift */,
				AE1FDDBC2A0BEC040041ED79 /* Assets.xcassets */,
				AE1FDDBE2A0BEC040041ED79 /* LaunchScreen.storyboard */,
			);
			path = Core;
			sourceTree = "<group>";
		};
		AE1FDDDF2A1176100041ED79 /* TableViewCell */ = {
			isa = PBXGroup;
			children = (
				AE1FDDE02A1176340041ED79 /* TableViewCell.swift */,
			);
			path = TableViewCell;
			sourceTree = "<group>";
		};
/* End PBXGroup section */

/* Begin PBXNativeTarget section */
		AE1FDDAF2A0BEC020041ED79 /* ProtocolOriented-TableView */ = {
			isa = PBXNativeTarget;
			buildConfigurationList = AE1FDDC42A0BEC040041ED79 /* Build configuration list for PBXNativeTarget "ProtocolOriented-TableView" */;
			buildPhases = (
				AE1FDDAC2A0BEC020041ED79 /* Sources */,
				AE1FDDAD2A0BEC020041ED79 /* Frameworks */,
				AE1FDDAE2A0BEC020041ED79 /* Resources */,
			);
			buildRules = (
			);
			dependencies = (
			);
			name = "ProtocolOriented-TableView";
			packageProductDependencies = (
				AE1FDDD02A0BEF670041ED79 /* SnapKit */,
				AE1FDDD82A0D77D80041ED79 /* Alamofire */,
				AE1FDDDB2A0D77EF0041ED79 /* AlamofireImage */,
			);
			productName = "ProtocolOriented-TableView";
			productReference = AE1FDDB02A0BEC020041ED79 /* ProtocolOriented-TableView.app */;
			productType = "com.apple.product-type.application";
		};
/* End PBXNativeTarget section */

/* Begin PBXProject section */
		AE1FDDA82A0BEC020041ED79 /* Project object */ = {
			isa = PBXProject;
			attributes = {
				BuildIndependentTargetsInParallel = 1;
				LastSwiftUpdateCheck = 1420;
				LastUpgradeCheck = 1420;
				TargetAttributes = {
					AE1FDDAF2A0BEC020041ED79 = {
						CreatedOnToolsVersion = 14.2;
					};
				};
			};
			buildConfigurationList = AE1FDDAB2A0BEC020041ED79 /* Build configuration list for PBXProject "ProtocolOriented-TableView" */;
			compatibilityVersion = "Xcode 14.0";
			developmentRegion = en;
			hasScannedForEncodings = 0;
			knownRegions = (
				en,
				Base,
			);
			mainGroup = AE1FDDA72A0BEC020041ED79;
			packageReferences = (
				AE1FDDCF2A0BEF670041ED79 /* XCRemoteSwiftPackageReference "SnapKit" */,
				AE1FDDD72A0D77D80041ED79 /* XCRemoteSwiftPackageReference "Alamofire" */,
				AE1FDDDA2A0D77EF0041ED79 /* XCRemoteSwiftPackageReference "AlamofireImage" */,
			);
			productRefGroup = AE1FDDB12A0BEC020041ED79 /* Products */;
			projectDirPath = "";
			projectRoot = "";
			targets = (
				AE1FDDAF2A0BEC020041ED79 /* ProtocolOriented-TableView */,
			);
		};
/* End PBXProject section */

/* Begin PBXResourcesBuildPhase section */
		AE1FDDAE2A0BEC020041ED79 /* Resources */ = {
			isa = PBXResourcesBuildPhase;
			buildActionMask = 2147483647;
			files = (
				AE1FDDC02A0BEC040041ED79 /* LaunchScreen.storyboard in Resources */,
				AE1FDDBD2A0BEC040041ED79 /* Assets.xcassets in Resources */,
			);
			runOnlyForDeploymentPostprocessing = 0;
		};
/* End PBXResourcesBuildPhase section */

/* Begin PBXSourcesBuildPhase section */
		AE1FDDAC2A0BEC020041ED79 /* Sources */ = {
			isa = PBXSourcesBuildPhase;
			buildActionMask = 2147483647;
			files = (
				AE1FDDDE2A0DA72C0041ED79 /* RickyMortyViewModel.swift in Sources */,
				AE1FDDE12A1176340041ED79 /* TableViewCell.swift in Sources */,
				AE1FDDD62A0D34590041ED79 /* RickyMortyModel.swift in Sources */,
				AE1FDDB82A0BEC020041ED79 /* ViewController.swift in Sources */,
				AE1FDDCE2A0BEF350041ED79 /* RickyMortyViewController.swift in Sources */,
				AE1FDDB42A0BEC020041ED79 /* AppDelegate.swift in Sources */,
				AE1FDDB62A0BEC020041ED79 /* SceneDelegate.swift in Sources */,
				AE1FDDD42A0D343C0041ED79 /* RickyMortyService.swift in Sources */,
			);
			runOnlyForDeploymentPostprocessing = 0;
		};
/* End PBXSourcesBuildPhase section */

/* Begin PBXVariantGroup section */
		AE1FDDBE2A0BEC040041ED79 /* LaunchScreen.storyboard */ = {
			isa = PBXVariantGroup;
			children = (
				AE1FDDBF2A0BEC040041ED79 /* Base */,
			);
			name = LaunchScreen.storyboard;
			sourceTree = "<group>";
		};
/* End PBXVariantGroup section */

/* Begin XCBuildConfiguration section */
		AE1FDDC22A0BEC040041ED79 /* Debug */ = {
			isa = XCBuildConfiguration;
			buildSettings = {
				ALWAYS_SEARCH_USER_PATHS = NO;
				CLANG_ANALYZER_NONNULL = YES;
				CLANG_ANALYZER_NUMBER_OBJECT_CONVERSION = YES_AGGRESSIVE;
				CLANG_CXX_LANGUAGE_STANDARD = "gnu++20";
				CLANG_ENABLE_MODULES = YES;
				CLANG_ENABLE_OBJC_ARC = YES;
				CLANG_ENABLE_OBJC_WEAK = YES;
				CLANG_WARN_BLOCK_CAPTURE_AUTORELEASING = YES;
				CLANG_WARN_BOOL_CONVERSION = YES;
				CLANG_WARN_COMMA = YES;
				CLANG_WARN_CONSTANT_CONVERSION = YES;
				CLANG_WARN_DEPRECATED_OBJC_IMPLEMENTATIONS = YES;
				CLANG_WARN_DIRECT_OBJC_ISA_USAGE = YES_ERROR;
				CLANG_WARN_DOCUMENTATION_COMMENTS = YES;
				CLANG_WARN_EMPTY_BODY = YES;
				CLANG_WARN_ENUM_CONVERSION = YES;
				CLANG_WARN_INFINITE_RECURSION = YES;
				CLANG_WARN_INT_CONVERSION = YES;
				CLANG_WARN_NON_LITERAL_NULL_CONVERSION = YES;
				CLANG_WARN_OBJC_IMPLICIT_RETAIN_SELF = YES;
				CLANG_WARN_OBJC_LITERAL_CONVERSION = YES;
				CLANG_WARN_OBJC_ROOT_CLASS = YES_ERROR;
				CLANG_WARN_QUOTED_INCLUDE_IN_FRAMEWORK_HEADER = YES;
				CLANG_WARN_RANGE_LOOP_ANALYSIS = YES;
				CLANG_WARN_STRICT_PROTOTYPES = YES;
				CLANG_WARN_SUSPICIOUS_MOVE = YES;
				CLANG_WARN_UNGUARDED_AVAILABILITY = YES_AGGRESSIVE;
				CLANG_WARN_UNREACHABLE_CODE = YES;
				CLANG_WARN__DUPLICATE_METHOD_MATCH = YES;
				COPY_PHASE_STRIP = NO;
				DEBUG_INFORMATION_FORMAT = dwarf;
				ENABLE_STRICT_OBJC_MSGSEND = YES;
				ENABLE_TESTABILITY = YES;
				GCC_C_LANGUAGE_STANDARD = gnu11;
				GCC_DYNAMIC_NO_PIC = NO;
				GCC_NO_COMMON_BLOCKS = YES;
				GCC_OPTIMIZATION_LEVEL = 0;
				GCC_PREPROCESSOR_DEFINITIONS = (
					"DEBUG=1",
					"$(inherited)",
				);
				GCC_WARN_64_TO_32_BIT_CONVERSION = YES;
				GCC_WARN_ABOUT_RETURN_TYPE = YES_ERROR;
				GCC_WARN_UNDECLARED_SELECTOR = YES;
				GCC_WARN_UNINITIALIZED_AUTOS = YES_AGGRESSIVE;
				GCC_WARN_UNUSED_FUNCTION = YES;
				GCC_WARN_UNUSED_VARIABLE = YES;
				IPHONEOS_DEPLOYMENT_TARGET = 16.2;
				MTL_ENABLE_DEBUG_INFO = INCLUDE_SOURCE;
				MTL_FAST_MATH = YES;
				ONLY_ACTIVE_ARCH = YES;
				SDKROOT = iphoneos;
				SWIFT_ACTIVE_COMPILATION_CONDITIONS = DEBUG;
				SWIFT_OPTIMIZATION_LEVEL = "-Onone";
			};
			name = Debug;
		};
		AE1FDDC32A0BEC040041ED79 /* Release */ = {
			isa = XCBuildConfiguration;
			buildSettings = {
				ALWAYS_SEARCH_USER_PATHS = NO;
				CLANG_ANALYZER_NONNULL = YES;
				CLANG_ANALYZER_NUMBER_OBJECT_CONVERSION = YES_AGGRESSIVE;
				CLANG_CXX_LANGUAGE_STANDARD = "gnu++20";
				CLANG_ENABLE_MODULES = YES;
				CLANG_ENABLE_OBJC_ARC = YES;
				CLANG_ENABLE_OBJC_WEAK = YES;
				CLANG_WARN_BLOCK_CAPTURE_AUTORELEASING = YES;
				CLANG_WARN_BOOL_CONVERSION = YES;
				CLANG_WARN_COMMA = YES;
				CLANG_WARN_CONSTANT_CONVERSION = YES;
				CLANG_WARN_DEPRECATED_OBJC_IMPLEMENTATIONS = YES;
				CLANG_WARN_DIRECT_OBJC_ISA_USAGE = YES_ERROR;
				CLANG_WARN_DOCUMENTATION_COMMENTS = YES;
				CLANG_WARN_EMPTY_BODY = YES;
				CLANG_WARN_ENUM_CONVERSION = YES;
				CLANG_WARN_INFINITE_RECURSION = YES;
				CLANG_WARN_INT_CONVERSION = YES;
				CLANG_WARN_NON_LITERAL_NULL_CONVERSION = YES;
				CLANG_WARN_OBJC_IMPLICIT_RETAIN_SELF = YES;
				CLANG_WARN_OBJC_LITERAL_CONVERSION = YES;
				CLANG_WARN_OBJC_ROOT_CLASS = YES_ERROR;
				CLANG_WARN_QUOTED_INCLUDE_IN_FRAMEWORK_HEADER = YES;
				CLANG_WARN_RANGE_LOOP_ANALYSIS = YES;
				CLANG_WARN_STRICT_PROTOTYPES = YES;
				CLANG_WARN_SUSPICIOUS_MOVE = YES;
				CLANG_WARN_UNGUARDED_AVAILABILITY = YES_AGGRESSIVE;
				CLANG_WARN_UNREACHABLE_CODE = YES;
				CLANG_WARN__DUPLICATE_METHOD_MATCH = YES;
				COPY_PHASE_STRIP = NO;
				DEBUG_INFORMATION_FORMAT = "dwarf-with-dsym";
				ENABLE_NS_ASSERTIONS = NO;
				ENABLE_STRICT_OBJC_MSGSEND = YES;
				GCC_C_LANGUAGE_STANDARD = gnu11;
				GCC_NO_COMMON_BLOCKS = YES;
				GCC_WARN_64_TO_32_BIT_CONVERSION = YES;
				GCC_WARN_ABOUT_RETURN_TYPE = YES_ERROR;
				GCC_WARN_UNDECLARED_SELECTOR = YES;
				GCC_WARN_UNINITIALIZED_AUTOS = YES_AGGRESSIVE;
				GCC_WARN_UNUSED_FUNCTION = YES;
				GCC_WARN_UNUSED_VARIABLE = YES;
				IPHONEOS_DEPLOYMENT_TARGET = 16.2;
				MTL_ENABLE_DEBUG_INFO = NO;
				MTL_FAST_MATH = YES;
				SDKROOT = iphoneos;
				SWIFT_COMPILATION_MODE = wholemodule;
				SWIFT_OPTIMIZATION_LEVEL = "-O";
				VALIDATE_PRODUCT = YES;
			};
			name = Release;
		};
		AE1FDDC52A0BEC040041ED79 /* Debug */ = {
			isa = XCBuildConfiguration;
			buildSettings = {
				ASSETCATALOG_COMPILER_APPICON_NAME = AppIcon;
				ASSETCATALOG_COMPILER_GLOBAL_ACCENT_COLOR_NAME = AccentColor;
				CODE_SIGN_STYLE = Automatic;
				CURRENT_PROJECT_VERSION = 1;
				GENERATE_INFOPLIST_FILE = YES;
				INFOPLIST_FILE = "ProtocolOriented-TableView/Info.plist";
				INFOPLIST_KEY_UIApplicationSupportsIndirectInputEvents = YES;
				INFOPLIST_KEY_UILaunchStoryboardName = LaunchScreen;
				INFOPLIST_KEY_UISupportedInterfaceOrientations_iPad = "UIInterfaceOrientationPortrait UIInterfaceOrientationPortraitUpsideDown UIInterfaceOrientationLandscapeLeft UIInterfaceOrientationLandscapeRight";
				INFOPLIST_KEY_UISupportedInterfaceOrientations_iPhone = "UIInterfaceOrientationPortrait UIInterfaceOrientationLandscapeLeft UIInterfaceOrientationLandscapeRight";
				LD_RUNPATH_SEARCH_PATHS = (
					"$(inherited)",
					"@executable_path/Frameworks",
				);
				MARKETING_VERSION = 1.0;
				PRODUCT_BUNDLE_IDENTIFIER = "com.barissavas.ProtocolOriented-TableView";
				PRODUCT_NAME = "$(TARGET_NAME)";
				SWIFT_EMIT_LOC_STRINGS = YES;
				SWIFT_VERSION = 5.0;
				TARGETED_DEVICE_FAMILY = "1,2";
			};
			name = Debug;
		};
		AE1FDDC62A0BEC040041ED79 /* Release */ = {
			isa = XCBuildConfiguration;
			buildSettings = {
				ASSETCATALOG_COMPILER_APPICON_NAME = AppIcon;
				ASSETCATALOG_COMPILER_GLOBAL_ACCENT_COLOR_NAME = AccentColor;
				CODE_SIGN_STYLE = Automatic;
				CURRENT_PROJECT_VERSION = 1;
				GENERATE_INFOPLIST_FILE = YES;
				INFOPLIST_FILE = "ProtocolOriented-TableView/Info.plist";
				INFOPLIST_KEY_UIApplicationSupportsIndirectInputEvents = YES;
				INFOPLIST_KEY_UILaunchStoryboardName = LaunchScreen;
				INFOPLIST_KEY_UISupportedInterfaceOrientations_iPad = "UIInterfaceOrientationPortrait UIInterfaceOrientationPortraitUpsideDown UIInterfaceOrientationLandscapeLeft UIInterfaceOrientationLandscapeRight";
				INFOPLIST_KEY_UISupportedInterfaceOrientations_iPhone = "UIInterfaceOrientationPortrait UIInterfaceOrientationLandscapeLeft UIInterfaceOrientationLandscapeRight";
				LD_RUNPATH_SEARCH_PATHS = (
					"$(inherited)",
					"@executable_path/Frameworks",
				);
				MARKETING_VERSION = 1.0;
				PRODUCT_BUNDLE_IDENTIFIER = "com.barissavas.ProtocolOriented-TableView";
				PRODUCT_NAME = "$(TARGET_NAME)";
				SWIFT_EMIT_LOC_STRINGS = YES;
				SWIFT_VERSION = 5.0;
				TARGETED_DEVICE_FAMILY = "1,2";
			};
			name = Release;
		};
/* End XCBuildConfiguration section */

/* Begin XCConfigurationList section */
		AE1FDDAB2A0BEC020041ED79 /* Build configuration list for PBXProject "ProtocolOriented-TableView" */ = {
			isa = XCConfigurationList;
			buildConfigurations = (
				AE1FDDC22A0BEC040041ED79 /* Debug */,
				AE1FDDC32A0BEC040041ED79 /* Release */,
			);
			defaultConfigurationIsVisible = 0;
			defaultConfigurationName = Release;
		};
		AE1FDDC42A0BEC040041ED79 /* Build configuration list for PBXNativeTarget "ProtocolOriented-TableView" */ = {
			isa = XCConfigurationList;
			buildConfigurations = (
				AE1FDDC52A0BEC040041ED79 /* Debug */,
				AE1FDDC62A0BEC040041ED79 /* Release */,
			);
			defaultConfigurationIsVisible = 0;
			defaultConfigurationName = Release;
		};
/* End XCConfigurationList section */

/* Begin XCRemoteSwiftPackageReference section */
		AE1FDDCF2A0BEF670041ED79 /* XCRemoteSwiftPackageReference "SnapKit" */ = {
			isa = XCRemoteSwiftPackageReference;
			repositoryURL = "https://github.com/SnapKit/SnapKit.git";
			requirement = {
				kind = exactVersion;
				version = 5.6.0;
			};
		};
		AE1FDDD72A0D77D80041ED79 /* XCRemoteSwiftPackageReference "Alamofire" */ = {
			isa = XCRemoteSwiftPackageReference;
			repositoryURL = "https://github.com/Alamofire/Alamofire.git";
			requirement = {
				kind = exactVersion;
				version = 5.7.1;
			};
		};
		AE1FDDDA2A0D77EF0041ED79 /* XCRemoteSwiftPackageReference "AlamofireImage" */ = {
			isa = XCRemoteSwiftPackageReference;
			repositoryURL = "https://github.com/Alamofire/AlamofireImage.git";
			requirement = {
				kind = exactVersion;
				version = 4.2.0;
			};
		};
/* End XCRemoteSwiftPackageReference section */

/* Begin XCSwiftPackageProductDependency section */
		AE1FDDD02A0BEF670041ED79 /* SnapKit */ = {
			isa = XCSwiftPackageProductDependency;
			package = AE1FDDCF2A0BEF670041ED79 /* XCRemoteSwiftPackageReference "SnapKit" */;
			productName = SnapKit;
		};
		AE1FDDD82A0D77D80041ED79 /* Alamofire */ = {
			isa = XCSwiftPackageProductDependency;
			package = AE1FDDD72A0D77D80041ED79 /* XCRemoteSwiftPackageReference "Alamofire" */;
			productName = Alamofire;
		};
		AE1FDDDB2A0D77EF0041ED79 /* AlamofireImage */ = {
			isa = XCSwiftPackageProductDependency;
			package = AE1FDDDA2A0D77EF0041ED79 /* XCRemoteSwiftPackageReference "AlamofireImage" */;
			productName = AlamofireImage;
		};
/* End XCSwiftPackageProductDependency section */
	};
	rootObject = AE1FDDA82A0BEC020041ED79 /* Project object */;
}
